// !$*UTF8*$!
{
	archiveVersion = 1;
	classes = {
	};
	objectVersion = 46;
	objects = {

/* Begin PBXFileReference section */
		DD783ADD19E830BC0033ACA2 /* CTAMDArray.cpp */ = {isa = PBXFileReference; fileEncoding = 4; lastKnownFileType = sourcecode.cpp.cpp; path = CTAMDArray.cpp; sourceTree = "<group>"; };
		DD783ADE19E830BC0033ACA2 /* CTAMDArray.h */ = {isa = PBXFileReference; fileEncoding = 4; lastKnownFileType = sourcecode.c.h; path = CTAMDArray.h; sourceTree = "<group>"; };
		DD783ADF19E830BC0033ACA2 /* CTAMDCameraType.cpp */ = {isa = PBXFileReference; fileEncoding = 4; lastKnownFileType = sourcecode.cpp.cpp; path = CTAMDCameraType.cpp; sourceTree = "<group>"; };
		DD783AE019E830BC0033ACA2 /* CTAMDCameraType.h */ = {isa = PBXFileReference; fileEncoding = 4; lastKnownFileType = sourcecode.c.h; path = CTAMDCameraType.h; sourceTree = "<group>"; };
		DD783AE119E830BC0033ACA2 /* CTAMDCoordinate.h */ = {isa = PBXFileReference; fileEncoding = 4; lastKnownFileType = sourcecode.c.h; path = CTAMDCoordinate.h; sourceTree = "<group>"; };
		DD783AE219E830BC0033ACA2 /* CTAMDMirrorType.cpp */ = {isa = PBXFileReference; fileEncoding = 4; lastKnownFileType = sourcecode.cpp.cpp; path = CTAMDMirrorType.cpp; sourceTree = "<group>"; };
		DD783AE319E830BC0033ACA2 /* CTAMDMirrorType.h */ = {isa = PBXFileReference; fileEncoding = 4; lastKnownFileType = sourcecode.c.h; path = CTAMDMirrorType.h; sourceTree = "<group>"; };
		DD783AE419E830BC0033ACA2 /* CTAMDPixel.cpp */ = {isa = PBXFileReference; fileEncoding = 4; lastKnownFileType = sourcecode.cpp.cpp; path = CTAMDPixel.cpp; sourceTree = "<group>"; };
		DD783AE519E830BC0033ACA2 /* CTAMDPixel.h */ = {isa = PBXFileReference; fileEncoding = 4; lastKnownFileType = sourcecode.c.h; path = CTAMDPixel.h; sourceTree = "<group>"; };
		DD783AE619E830BC0033ACA2 /* CTAMDPixelType.cpp */ = {isa = PBXFileReference; fileEncoding = 4; lastKnownFileType = sourcecode.cpp.cpp; path = CTAMDPixelType.cpp; sourceTree = "<group>"; };
		DD783AE719E830BC0033ACA2 /* CTAMDPixelType.h */ = {isa = PBXFileReference; fileEncoding = 4; lastKnownFileType = sourcecode.c.h; path = CTAMDPixelType.h; sourceTree = "<group>"; };
		DD783AE819E830BC0033ACA2 /* CTAMDTelescope.cpp */ = {isa = PBXFileReference; fileEncoding = 4; lastKnownFileType = sourcecode.cpp.cpp; path = CTAMDTelescope.cpp; sourceTree = "<group>"; };
		DD783AE919E830BC0033ACA2 /* CTAMDTelescope.h */ = {isa = PBXFileReference; fileEncoding = 4; lastKnownFileType = sourcecode.c.h; path = CTAMDTelescope.h; sourceTree = "<group>"; };
		DD783AEC19E87A3A0033ACA2 /* CTAMDTelescopeType.cpp */ = {isa = PBXFileReference; fileEncoding = 4; lastKnownFileType = sourcecode.cpp.cpp; path = CTAMDTelescopeType.cpp; sourceTree = "<group>"; };
		DD783AED19E87A3A0033ACA2 /* CTAMDTelescopeType.h */ = {isa = PBXFileReference; fileEncoding = 4; lastKnownFileType = sourcecode.c.h; path = CTAMDTelescopeType.h; sourceTree = "<group>"; };
		DD783AEE19E87B5D0033ACA2 /* Makefile */ = {isa = PBXFileReference; fileEncoding = 4; lastKnownFileType = sourcecode.make; path = Makefile; sourceTree = "<group>"; };
/* End PBXFileReference section */

/* Begin PBXGroup section */
		DD783AD119E8309C0033ACA2 = {
			isa = PBXGroup;
			children = (
				DD783AEE19E87B5D0033ACA2 /* Makefile */,
				DD783ADC19E830BC0033ACA2 /* code */,
			);
			sourceTree = "<group>";
		};
		DD783ADC19E830BC0033ACA2 /* code */ = {
			isa = PBXGroup;
			children = (
				DD783AEC19E87A3A0033ACA2 /* CTAMDTelescopeType.cpp */,
				DD783AED19E87A3A0033ACA2 /* CTAMDTelescopeType.h */,
				DD783ADD19E830BC0033ACA2 /* CTAMDArray.cpp */,
				DD783ADE19E830BC0033ACA2 /* CTAMDArray.h */,
				DD783ADF19E830BC0033ACA2 /* CTAMDCameraType.cpp */,
				DD783AE019E830BC0033ACA2 /* CTAMDCameraType.h */,
				DD783AE119E830BC0033ACA2 /* CTAMDCoordinate.h */,
				DD783AE219E830BC0033ACA2 /* CTAMDMirrorType.cpp */,
				DD783AE319E830BC0033ACA2 /* CTAMDMirrorType.h */,
				DD783AE419E830BC0033ACA2 /* CTAMDPixel.cpp */,
				DD783AE519E830BC0033ACA2 /* CTAMDPixel.h */,
				DD783AE619E830BC0033ACA2 /* CTAMDPixelType.cpp */,
				DD783AE719E830BC0033ACA2 /* CTAMDPixelType.h */,
				DD783AE819E830BC0033ACA2 /* CTAMDTelescope.cpp */,
				DD783AE919E830BC0033ACA2 /* CTAMDTelescope.h */,
			);
			path = code;
			sourceTree = "<group>";
		};
/* End PBXGroup section */

/* Begin PBXLegacyTarget section */
		DD783AD619E8309C0033ACA2 /* CTAConfig */ = {
			isa = PBXLegacyTarget;
			buildArgumentsString = "$(ACTION)";
			buildConfigurationList = DD783AD919E8309C0033ACA2 /* Build configuration list for PBXLegacyTarget "CTAConfig" */;
			buildPhases = (
			);
			buildToolPath = /usr/bin/make;
			dependencies = (
			);
			name = CTAConfig;
			passBuildSettingsInEnvironment = 1;
			productName = CTAConfig;
		};
/* End PBXLegacyTarget section */

/* Begin PBXProject section */
		DD783AD219E8309C0033ACA2 /* Project object */ = {
			isa = PBXProject;
			attributes = {
				LastUpgradeCheck = 0600;
				ORGANIZATIONNAME = "Andrea Bulgarelli";
				TargetAttributes = {
					DD783AD619E8309C0033ACA2 = {
						CreatedOnToolsVersion = 6.0.1;
					};
				};
			};
			buildConfigurationList = DD783AD519E8309C0033ACA2 /* Build configuration list for PBXProject "CTAConfig" */;
			compatibilityVersion = "Xcode 3.2";
			developmentRegion = English;
			hasScannedForEncodings = 0;
			knownRegions = (
				en,
			);
			mainGroup = DD783AD119E8309C0033ACA2;
			projectDirPath = "";
			projectRoot = "";
			targets = (
				DD783AD619E8309C0033ACA2 /* CTAConfig */,
			);
		};
/* End PBXProject section */

/* Begin XCBuildConfiguration section */
		DD783AD719E8309C0033ACA2 /* Debug */ = {
			isa = XCBuildConfiguration;
			buildSettings = {
				ALWAYS_SEARCH_USER_PATHS = NO;
				CLANG_CXX_LANGUAGE_STANDARD = "gnu++0x";
				CLANG_CXX_LIBRARY = "libc++";
				CLANG_ENABLE_MODULES = YES;
				CLANG_ENABLE_OBJC_ARC = YES;
				CLANG_WARN_BOOL_CONVERSION = YES;
				CLANG_WARN_CONSTANT_CONVERSION = YES;
				CLANG_WARN_DIRECT_OBJC_ISA_USAGE = YES_ERROR;
				CLANG_WARN_EMPTY_BODY = YES;
				CLANG_WARN_ENUM_CONVERSION = YES;
				CLANG_WARN_INT_CONVERSION = YES;
				CLANG_WARN_OBJC_ROOT_CLASS = YES_ERROR;
				CLANG_WARN_UNREACHABLE_CODE = YES;
				CLANG_WARN__DUPLICATE_METHOD_MATCH = YES;
				COPY_PHASE_STRIP = NO;
				ENABLE_STRICT_OBJC_MSGSEND = YES;
				GCC_C_LANGUAGE_STANDARD = gnu99;
				GCC_DYNAMIC_NO_PIC = NO;
				GCC_OPTIMIZATION_LEVEL = 0;
				GCC_PREPROCESSOR_DEFINITIONS = (
					"DEBUG=1",
					"$(inherited)",
				);
				GCC_SYMBOLS_PRIVATE_EXTERN = NO;
				GCC_WARN_64_TO_32_BIT_CONVERSION = YES;
				GCC_WARN_ABOUT_RETURN_TYPE = YES_ERROR;
				GCC_WARN_UNDECLARED_SELECTOR = YES;
				GCC_WARN_UNINITIALIZED_AUTOS = YES_AGGRESSIVE;
				GCC_WARN_UNUSED_FUNCTION = YES;
				GCC_WARN_UNUSED_VARIABLE = YES;
				MACOSX_DEPLOYMENT_TARGET = 10.9;
				MTL_ENABLE_DEBUG_INFO = YES;
				ONLY_ACTIVE_ARCH = YES;
				SDKROOT = macosx;
			};
			name = Debug;
		};
		DD783AD819E8309C0033ACA2 /* Release */ = {
			isa = XCBuildConfiguration;
			buildSettings = {
				ALWAYS_SEARCH_USER_PATHS = NO;
				CLANG_CXX_LANGUAGE_STANDARD = "gnu++0x";
				CLANG_CXX_LIBRARY = "libc++";
				CLANG_ENABLE_MODULES = YES;
				CLANG_ENABLE_OBJC_ARC = YES;
				CLANG_WARN_BOOL_CONVERSION = YES;
				CLANG_WARN_CONSTANT_CONVERSION = YES;
				CLANG_WARN_DIRECT_OBJC_ISA_USAGE = YES_ERROR;
				CLANG_WARN_EMPTY_BODY = YES;
				CLANG_WARN_ENUM_CONVERSION = YES;
				CLANG_WARN_INT_CONVERSION = YES;
				CLANG_WARN_OBJC_ROOT_CLASS = YES_ERROR;
				CLANG_WARN_UNREACHABLE_CODE = YES;
				CLANG_WARN__DUPLICATE_METHOD_MATCH = YES;
				COPY_PHASE_STRIP = YES;
				DEBUG_INFORMATION_FORMAT = "dwarf-with-dsym";
				ENABLE_NS_ASSERTIONS = NO;
				ENABLE_STRICT_OBJC_MSGSEND = YES;
				GCC_C_LANGUAGE_STANDARD = gnu99;
				GCC_WARN_64_TO_32_BIT_CONVERSION = YES;
				GCC_WARN_ABOUT_RETURN_TYPE = YES_ERROR;
				GCC_WARN_UNDECLARED_SELECTOR = YES;
				GCC_WARN_UNINITIALIZED_AUTOS = YES_AGGRESSIVE;
				GCC_WARN_UNUSED_FUNCTION = YES;
				GCC_WARN_UNUSED_VARIABLE = YES;
				MACOSX_DEPLOYMENT_TARGET = 10.9;
				MTL_ENABLE_DEBUG_INFO = NO;
				SDKROOT = macosx;
			};
			name = Release;
		};
		DD783ADA19E8309C0033ACA2 /* Debug */ = {
			isa = XCBuildConfiguration;
			buildSettings = {
				DEBUGGING_SYMBOLS = YES;
				GCC_GENERATE_DEBUGGING_SYMBOLS = YES;
				GCC_OPTIMIZATION_LEVEL = 0;
				OTHER_CFLAGS = "";
				OTHER_LDFLAGS = "";
				PRODUCT_NAME = "$(TARGET_NAME)";
			};
			name = Debug;
		};
		DD783ADB19E8309C0033ACA2 /* Release */ = {
			isa = XCBuildConfiguration;
			buildSettings = {
				OTHER_CFLAGS = "";
				OTHER_LDFLAGS = "";
				PRODUCT_NAME = "$(TARGET_NAME)";
			};
			name = Release;
		};
/* End XCBuildConfiguration section */

/* Begin XCConfigurationList section */
		DD783AD519E8309C0033ACA2 /* Build configuration list for PBXProject "CTAConfig" */ = {
			isa = XCConfigurationList;
			buildConfigurations = (
				DD783AD719E8309C0033ACA2 /* Debug */,
				DD783AD819E8309C0033ACA2 /* Release */,
			);
			defaultConfigurationIsVisible = 0;
			defaultConfigurationName = Release;
		};
		DD783AD919E8309C0033ACA2 /* Build configuration list for PBXLegacyTarget "CTAConfig" */ = {
			isa = XCConfigurationList;
			buildConfigurations = (
				DD783ADA19E8309C0033ACA2 /* Debug */,
				DD783ADB19E8309C0033ACA2 /* Release */,
			);
			defaultConfigurationIsVisible = 0;
			defaultConfigurationName = Release;
		};
/* End XCConfigurationList section */
	};
	rootObject = DD783AD219E8309C0033ACA2 /* Project object */;
}
